
Microsoft Visual Studio Solution File, Format Version 12.00
# Visual Studio Version 16
VisualStudioVersion = 16.0.30503.244
MinimumVisualStudioVersion = 10.0.40219.1
Project("{FAE04EC0-301F-11D3-BF4B-00C04F79EFBC}") = "MySql_Manager", "MySql_Manager\MySql_Manager.csproj", "{F63E0BE1-55E5-4A83-B36D-95EC5D1C590B}"
EndProject
Global
	GlobalSection(SolutionConfigurationPlatforms) = preSolution
		Debug|Any CPU = Debug|Any CPU
		Release|Any CPU = Release|Any CPU
	EndGlobalSection
	GlobalSection(ProjectConfigurationPlatforms) = postSolution
		{F63E0BE1-55E5-4A83-B36D-95EC5D1C590B}.Debug|Any CPU.ActiveCfg = Debug|Any CPU
		{F63E0BE1-55E5-4A83-B36D-95EC5D1C590B}.Debug|Any CPU.Build.0 = Debug|Any CPU
		{F63E0BE1-55E5-4A83-B36D-95EC5D1C590B}.Release|Any CPU.ActiveCfg = Release|Any CPU
		{F63E0BE1-55E5-4A83-B36D-95EC5D1C590B}.Release|Any CPU.Build.0 = Release|Any CPU
	EndGlobalSection
	GlobalSection(SolutionProperties) = preSolution
		HideSolutionNode = FALSE
	EndGlobalSection
	GlobalSection(ExtensibilityGlobals) = postSolution
		SolutionGuid = {B27D2B24-F4BE-415C-9458-BF83A0BE3F55}
	EndGlobalSection
EndGlobal
